
Microsoft Visual Studio Solution File, Format Version 12.00
# Visual Studio Version 17
VisualStudioVersion = 17.5.002.0
MinimumVisualStudioVersion = 10.0.40219.1
Project("{9A19103F-16F7-4668-BE54-9A1E7A4F7556}") = "LyricsFinder", "LyricsFinder.csproj", "{942147A8-4ECB-4958-86F3-C4B46E117243}"
EndProject
Global
	GlobalSection(SolutionConfigurationPlatforms) = preSolution
		Debug|Any CPU = Debug|Any CPU
		Release|Any CPU = Release|Any CPU
	EndGlobalSection
	GlobalSection(ProjectConfigurationPlatforms) = postSolution
		{942147A8-4ECB-4958-86F3-C4B46E117243}.Debug|Any CPU.ActiveCfg = Debug|Any CPU
		{942147A8-4ECB-4958-86F3-C4B46E117243}.Debug|Any CPU.Build.0 = Debug|Any CPU
		{942147A8-4ECB-4958-86F3-C4B46E117243}.Release|Any CPU.ActiveCfg = Release|Any CPU
		{942147A8-4ECB-4958-86F3-C4B46E117243}.Release|Any CPU.Build.0 = Release|Any CPU
	EndGlobalSection
	GlobalSection(SolutionProperties) = preSolution
		HideSolutionNode = FALSE
	EndGlobalSection
	GlobalSection(ExtensibilityGlobals) = postSolution
		SolutionGuid = {0E0F0990-15BC-4374-AFC7-BC4F11BC0A7D}
	EndGlobalSection
EndGlobal
